
Microsoft Visual Studio Solution File, Format Version 12.00
# Visual Studio Version 17
VisualStudioVersion = 17.7.34031.279
MinimumVisualStudioVersion = 10.0.40219.1
Project("{FAE04EC0-301F-11D3-BF4B-00C04F79EFBC}") = "GAS", "GAS\GAS.csproj", "{0BF43561-55FE-478C-9C19-8B32F2376BD3}"
EndProject
Global
	GlobalSection(SolutionConfigurationPlatforms) = preSolution
		Debug|Any CPU = Debug|Any CPU
		Release|Any CPU = Release|Any CPU
	EndGlobalSection
	GlobalSection(ProjectConfigurationPlatforms) = postSolution
		{0BF43561-55FE-478C-9C19-8B32F2376BD3}.Debug|Any CPU.ActiveCfg = Debug|Any CPU
		{0BF43561-55FE-478C-9C19-8B32F2376BD3}.Debug|Any CPU.Build.0 = Debug|Any CPU
		{0BF43561-55FE-478C-9C19-8B32F2376BD3}.Release|Any CPU.ActiveCfg = Release|Any CPU
		{0BF43561-55FE-478C-9C19-8B32F2376BD3}.Release|Any CPU.Build.0 = Release|Any CPU
	EndGlobalSection
	GlobalSection(SolutionProperties) = preSolution
		HideSolutionNode = FALSE
	EndGlobalSection
	GlobalSection(ExtensibilityGlobals) = postSolution
		SolutionGuid = {0D3BE257-23F8-48E0-AAF4-EC290D791A65}
	EndGlobalSection
EndGlobal
